{
  "version": 4,
  "terraform_version": "1.3.6",
  "serial": 328,
  "lineage": "b0c41b44-e117-47f4-eb6a-4873df584899",
  "outputs": {},
  "resources": [
    {
      "mode": "managed",
      "type": "scaleway_instance_security_group",
      "name": "sg-ssh",
      "provider": "provider[\"registry.terraform.io/scaleway/scaleway\"]",
      "instances": [
        {
          "schema_version": 0,
          "attributes": {
            "description": "",
            "enable_default_security": true,
            "external_rules": false,
            "id": "fr-par-1/1cb2e395-cb0b-4eec-9e54-5dfefb36e886",
            "inbound_default_policy": "drop",
            "inbound_rule": [
              {
                "action": "accept",
                "ip": "",
                "ip_range": "0.0.0.0/0",
                "port": 22,
                "port_range": "",
                "protocol": "TCP"
              }
            ],
            "name": "chameseddine-sg-ssh",
            "organization_id": "01548252-c96f-4826-a6cb-d7d596f52e93",
            "outbound_default_policy": "accept",
            "outbound_rule": [],
            "project_id": "b73790d7-afbb-40b5-bed0-2f3c446da796",
            "stateful": true,
            "tags": null,
            "timeouts": null,
            "zone": "fr-par-1"
          },
          "sensitive_attributes": [],
          "private": "eyJlMmJmYjczMC1lY2FhLTExZTYtOGY4OC0zNDM2M2JjN2M0YzAiOnsiY3JlYXRlIjo2MDAwMDAwMDAwMCwiZGVmYXVsdCI6NjAwMDAwMDAwMDAsImRlbGV0ZSI6NjAwMDAwMDAwMDAsInJlYWQiOjYwMDAwMDAwMDAwLCJ1cGRhdGUiOjYwMDAwMDAwMDAwfX0="
        }
      ]
    },
    {
      "mode": "managed",
      "type": "scaleway_instance_security_group",
      "name": "sg-www",
      "provider": "provider[\"registry.terraform.io/scaleway/scaleway\"]",
      "instances": [
        {
          "schema_version": 0,
          "attributes": {
            "description": "",
            "enable_default_security": true,
            "external_rules": false,
            "id": "fr-par-1/a2968a44-0e1c-42fd-ac20-bb0703e9b3e7",
            "inbound_default_policy": "drop",
            "inbound_rule": [
              {
                "action": "accept",
                "ip": "",
                "ip_range": "0.0.0.0/0",
                "port": 22,
                "port_range": "",
                "protocol": "TCP"
              },
              {
                "action": "accept",
                "ip": "",
                "ip_range": "",
                "port": 80,
                "port_range": "",
                "protocol": "TCP"
              },
              {
                "action": "accept",
                "ip": "",
                "ip_range": "",
                "port": 443,
                "port_range": "",
                "protocol": "TCP"
              }
            ],
            "name": "tf-sg-tender-goodall",
            "organization_id": "01548252-c96f-4826-a6cb-d7d596f52e93",
            "outbound_default_policy": "accept",
            "outbound_rule": [],
            "project_id": "b73790d7-afbb-40b5-bed0-2f3c446da796",
            "stateful": true,
            "tags": null,
            "timeouts": null,
            "zone": "fr-par-1"
          },
          "sensitive_attributes": [],
          "private": "eyJlMmJmYjczMC1lY2FhLTExZTYtOGY4OC0zNDM2M2JjN2M0YzAiOnsiY3JlYXRlIjo2MDAwMDAwMDAwMCwiZGVmYXVsdCI6NjAwMDAwMDAwMDAsImRlbGV0ZSI6NjAwMDAwMDAwMDAsInJlYWQiOjYwMDAwMDAwMDAwLCJ1cGRhdGUiOjYwMDAwMDAwMDAwfX0="
        }
      ]
    },
    {
      "mode": "managed",
      "type": "scaleway_instance_server",
      "name": "server_chameseddine",
      "provider": "provider[\"registry.terraform.io/scaleway/scaleway\"]",
      "instances": [
        {
          "schema_version": 0,
          "attributes": {
            "additional_volume_ids": null,
            "boot_type": "local",
            "bootscript_id": "fdfe150f-a870-4ce4-b432-9f56b5b995c1",
            "cloud_init": null,
            "enable_dynamic_ip": false,
            "enable_ipv6": false,
            "id": "fr-par-1/9fc24825-9903-444b-917c-c897283cdf42",
            "image": "ubuntu_jammy",
            "ip_id": "",
            "ipv6_address": "",
            "ipv6_gateway": "",
            "ipv6_prefix_length": 0,
            "name": "chameseddine_server",
            "organization_id": "01548252-c96f-4826-a6cb-d7d596f52e93",
            "placement_group_id": null,
            "placement_group_policy_respected": null,
            "private_ip": "10.70.40.63",
            "private_network": [
              {
                "mac_address": "02:00:00:11:c4:15",
                "pn_id": "fr-par-1/b96afffd-d2fe-477a-8c8d-a3ea14105d4b",
                "status": "available",
                "zone": "fr-par-1"
              }
            ],
            "project_id": "b73790d7-afbb-40b5-bed0-2f3c446da796",
            "public_ip": "",
            "root_volume": [
              {
                "boot": false,
                "delete_on_termination": true,
                "name": "Ubuntu 22.04 Jammy Jellyfish",
                "size_in_gb": 20,
                "volume_id": "fr-par-1/7cf4c9ee-fb5a-4f5b-97e8-3ea5c457637c",
                "volume_type": "l_ssd"
              }
            ],
            "security_group_id": "fr-par-1/efc8f542-87f3-43d5-a490-c5fc98bfd454",
            "state": "started",
            "tags": null,
            "timeouts": null,
            "type": "DEV1-S",
            "user_data": {},
            "zone": "fr-par-1"
          },
          "sensitive_attributes": [],
          "private": "eyJlMmJmYjczMC1lY2FhLTExZTYtOGY4OC0zNDM2M2JjN2M0YzAiOnsiY3JlYXRlIjo2MDAwMDAwMDAwMDAsImRlZmF1bHQiOjYwMDAwMDAwMDAwMCwiZGVsZXRlIjo2MDAwMDAwMDAwMDAsInJlYWQiOjYwMDAwMDAwMDAwMCwidXBkYXRlIjo2MDAwMDAwMDAwMDB9fQ==",
          "dependencies": [
            "scaleway_vpc_private_network.chameseddine_pnc"
          ]
        }
      ]
    },
    {
      "mode": "managed",
      "type": "scaleway_vpc_gateway_network",
      "name": "main",
      "provider": "provider[\"registry.terraform.io/scaleway/scaleway\"]",
      "instances": [
        {
          "schema_version": 0,
          "attributes": {
            "cleanup_dhcp": true,
            "created_at": "2022-12-17T01:44:54Z",
            "dhcp_id": "fr-par-1/d7518f8b-ffb6-4b73-a283-fe516994e6e5",
            "enable_dhcp": true,
            "enable_masquerade": true,
            "gateway_id": "fr-par-1/e1b9d432-928e-44cd-af19-d5a2a08fe926",
            "id": "fr-par-1/4e958b90-8839-40ed-9263-a4925f289ddb",
            "mac_address": "02:00:00:11:c4:14",
            "private_network_id": "fr-par-1/b96afffd-d2fe-477a-8c8d-a3ea14105d4b",
            "static_address": null,
            "timeouts": null,
            "updated_at": "2022-12-17T01:45:00Z",
            "zone": "fr-par-1"
          },
          "sensitive_attributes": [],
          "private": "eyJlMmJmYjczMC1lY2FhLTExZTYtOGY4OC0zNDM2M2JjN2M0YzAiOnsiY3JlYXRlIjo2MDAwMDAwMDAwMDAsImRlZmF1bHQiOjYwMDAwMDAwMDAwMCwiZGVsZXRlIjo2MDAwMDAwMDAwMDAsInJlYWQiOjYwMDAwMDAwMDAwMCwidXBkYXRlIjo2MDAwMDAwMDAwMDB9fQ==",
          "dependencies": [
            "scaleway_vpc_private_network.chameseddine_pnc",
            "scaleway_vpc_public_gateway.chameseddine_gateway",
            "scaleway_vpc_public_gateway_dhcp.dhcp01",
            "scaleway_vpc_public_gateway_ip.gw01"
          ]
        }
      ]
    },
    {
      "mode": "managed",
      "type": "scaleway_vpc_private_network",
      "name": "chameseddine_pnc",
      "provider": "provider[\"registry.terraform.io/scaleway/scaleway\"]",
      "instances": [
        {
          "schema_version": 0,
          "attributes": {
            "created_at": "2022-12-17T01:44:46Z",
            "id": "fr-par-1/b96afffd-d2fe-477a-8c8d-a3ea14105d4b",
            "name": "chameseddine_pn",
            "organization_id": "01548252-c96f-4826-a6cb-d7d596f52e93",
            "project_id": "b73790d7-afbb-40b5-bed0-2f3c446da796",
            "tags": null,
            "updated_at": "2022-12-17T01:44:46Z",
            "zone": "fr-par-1"
          },
          "sensitive_attributes": [],
          "private": "bnVsbA=="
        }
      ]
    },
    {
      "mode": "managed",
      "type": "scaleway_vpc_public_gateway",
      "name": "chameseddine_gateway",
      "provider": "provider[\"registry.terraform.io/scaleway/scaleway\"]",
      "instances": [
        {
          "schema_version": 0,
          "attributes": {
            "bastion_enabled": false,
            "bastion_port": 61000,
            "created_at": "2022-12-17T01:44:47Z",
            "enable_smtp": false,
            "id": "fr-par-1/e1b9d432-928e-44cd-af19-d5a2a08fe926",
            "ip_id": "fr-par-1/8783d00c-ef0f-486c-874b-237d9c24207b",
            "name": "chameseddine_gateway",
            "organization_id": "01548252-c96f-4826-a6cb-d7d596f52e93",
            "project_id": "b73790d7-afbb-40b5-bed0-2f3c446da796",
            "tags": null,
            "timeouts": null,
            "type": "VPC-GW-S",
            "updated_at": "2022-12-17T01:44:48Z",
            "upstream_dns_servers": null,
            "zone": "fr-par-1"
          },
          "sensitive_attributes": [],
          "private": "eyJlMmJmYjczMC1lY2FhLTExZTYtOGY4OC0zNDM2M2JjN2M0YzAiOnsiY3JlYXRlIjo2MDAwMDAwMDAwMDAsImRlZmF1bHQiOjYwMDAwMDAwMDAwMCwiZGVsZXRlIjo2MDAwMDAwMDAwMDAsInJlYWQiOjYwMDAwMDAwMDAwMCwidXBkYXRlIjo2MDAwMDAwMDAwMDB9fQ==",
          "dependencies": [
            "scaleway_vpc_public_gateway_ip.gw01"
          ]
        }
      ]
    },
    {
      "mode": "managed",
      "type": "scaleway_vpc_public_gateway_dhcp",
      "name": "dhcp01",
      "provider": "provider[\"registry.terraform.io/scaleway/scaleway\"]",
      "instances": [
        {
          "schema_version": 0,
          "attributes": {
            "address": "192.168.1.1",
            "created_at": "2022-12-17T01:44:46Z",
            "dns_local_name": "priv",
            "dns_search": [],
            "dns_servers_override": [],
            "enable_dynamic": true,
            "id": "fr-par-1/d7518f8b-ffb6-4b73-a283-fe516994e6e5",
            "organization_id": "01548252-c96f-4826-a6cb-d7d596f52e93",
            "pool_high": "192.168.1.3",
            "pool_low": "192.168.1.2",
            "project_id": "b73790d7-afbb-40b5-bed0-2f3c446da796",
            "push_default_route": true,
            "push_dns_server": true,
            "rebind_timer": 3060,
            "renew_timer": 3000,
            "subnet": "192.168.1.0/24",
            "updated_at": "2022-12-17T01:44:46Z",
            "valid_lifetime": 3600,
            "zone": "fr-par-1"
          },
          "sensitive_attributes": [],
          "private": "bnVsbA=="
        }
      ]
    },
    {
      "mode": "managed",
      "type": "scaleway_vpc_public_gateway_dhcp_reservation",
      "name": "main",
      "provider": "provider[\"registry.terraform.io/scaleway/scaleway\"]",
      "instances": [
        {
          "schema_version": 0,
          "attributes": {
            "created_at": "2022-12-17T01:45:57Z",
            "gateway_network_id": "fr-par-1/4e958b90-8839-40ed-9263-a4925f289ddb",
            "hostname": "",
            "id": "fr-par-1/5b21a7c2-1920-4a23-b481-7ff55ea0d919",
            "ip_address": "192.168.1.7",
            "mac_address": "02:00:00:11:c4:15",
            "timeouts": null,
            "type": "reservation",
            "updated_at": "2022-12-17T01:45:57Z",
            "zone": "fr-par-1"
          },
          "sensitive_attributes": [],
          "private": "eyJlMmJmYjczMC1lY2FhLTExZTYtOGY4OC0zNDM2M2JjN2M0YzAiOnsiY3JlYXRlIjo2MDAwMDAwMDAwMDAsImRlZmF1bHQiOjYwMDAwMDAwMDAwMCwiZGVsZXRlIjo2MDAwMDAwMDAwMDAsInJlYWQiOjYwMDAwMDAwMDAwMCwidXBkYXRlIjo2MDAwMDAwMDAwMDB9fQ==",
          "dependencies": [
            "scaleway_instance_server.server_chameseddine",
            "scaleway_vpc_gateway_network.main",
            "scaleway_vpc_private_network.chameseddine_pnc",
            "scaleway_vpc_public_gateway.chameseddine_gateway",
            "scaleway_vpc_public_gateway_dhcp.dhcp01",
            "scaleway_vpc_public_gateway_ip.gw01"
          ]
        }
      ]
    },
    {
      "mode": "managed",
      "type": "scaleway_vpc_public_gateway_ip",
      "name": "gw01",
      "provider": "provider[\"registry.terraform.io/scaleway/scaleway\"]",
      "instances": [
        {
          "schema_version": 0,
          "attributes": {
            "address": "163.172.130.63",
            "created_at": "2022-12-17T01:44:46Z",
            "id": "fr-par-1/8783d00c-ef0f-486c-874b-237d9c24207b",
            "organization_id": "01548252-c96f-4826-a6cb-d7d596f52e93",
            "project_id": "b73790d7-afbb-40b5-bed0-2f3c446da796",
            "reverse": "63-130-172-163.instances.scw.cloud",
            "tags": null,
            "updated_at": "2022-12-17T01:44:46Z",
            "zone": "fr-par-1"
          },
          "sensitive_attributes": [],
          "private": "bnVsbA=="
        }
      ]
    },
    {
      "mode": "managed",
      "type": "scaleway_vpc_public_gateway_pat_rule",
      "name": "main",
      "provider": "provider[\"registry.terraform.io/scaleway/scaleway\"]",
      "instances": [
        {
          "schema_version": 0,
          "attributes": {
            "created_at": "2022-12-17T01:45:58Z",
            "gateway_id": "fr-par-1/e1b9d432-928e-44cd-af19-d5a2a08fe926",
            "id": "fr-par-1/1cd2bce8-40a4-4dc4-b29b-82f1e4c4e549",
            "organization_id": null,
            "private_ip": "192.168.1.7",
            "private_port": 22,
            "protocol": "both",
            "public_port": 2221,
            "timeouts": null,
            "updated_at": "2022-12-17T01:45:58Z",
            "zone": "fr-par-1"
          },
          "sensitive_attributes": [],
          "private": "eyJlMmJmYjczMC1lY2FhLTExZTYtOGY4OC0zNDM2M2JjN2M0YzAiOnsiY3JlYXRlIjo2MDAwMDAwMDAwMDAsImRlZmF1bHQiOjYwMDAwMDAwMDAwMCwiZGVsZXRlIjo2MDAwMDAwMDAwMDAsInJlYWQiOjYwMDAwMDAwMDAwMCwidXBkYXRlIjo2MDAwMDAwMDAwMDB9fQ==",
          "dependencies": [
            "scaleway_instance_server.server_chameseddine",
            "scaleway_vpc_gateway_network.main",
            "scaleway_vpc_private_network.chameseddine_pnc",
            "scaleway_vpc_public_gateway.chameseddine_gateway",
            "scaleway_vpc_public_gateway_dhcp.dhcp01",
            "scaleway_vpc_public_gateway_dhcp_reservation.main",
            "scaleway_vpc_public_gateway_ip.gw01"
          ]
        }
      ]
    }
  ],
  "check_results": null
}
